// !$*UTF8*$!
{
	archiveVersion = 1;
	classes = {
	};
	objectVersion = 46;
	objects = {

/* Begin PBXBuildFile section */
		9FD1D71D1DB68A020059DB22 /* AppDelegate.swift in Sources */ = {isa = PBXBuildFile; fileRef = 9FD1D71C1DB68A020059DB22 /* AppDelegate.swift */; };
		9FD1D71F1DB68A020059DB22 /* Assets.xcassets in Resources */ = {isa = PBXBuildFile; fileRef = 9FD1D71E1DB68A020059DB22 /* Assets.xcassets */; };
		9FD1D7221DB68A020059DB22 /* MainMenu.xib in Resources */ = {isa = PBXBuildFile; fileRef = 9FD1D7201DB68A020059DB22 /* MainMenu.xib */; };
		9FD1D73D1DB68A2E0059DB22 /* coscript in Resources */ = {isa = PBXBuildFile; fileRef = 9FD1D72B1DB68A2E0059DB22 /* coscript */; };
		9FD1D73E1DB68A2E0059DB22 /* LPCocoaScript.m in Sources */ = {isa = PBXBuildFile; fileRef = 9FD1D72E1DB68A2E0059DB22 /* LPCocoaScript.m */; };
		9FD1D73F1DB68A2E0059DB22 /* LPSketch.m in Sources */ = {isa = PBXBuildFile; fileRef = 9FD1D7301DB68A2E0059DB22 /* LPSketch.m */; };
		9FD1D7401DB68A2E0059DB22 /* LPSketchImport.m in Sources */ = {isa = PBXBuildFile; fileRef = 9FD1D7321DB68A2E0059DB22 /* LPSketchImport.m */; };
		9FD1D7411DB68A2E0059DB22 /* NSString+Trimming.m in Sources */ = {isa = PBXBuildFile; fileRef = 9FD1D7351DB68A2E0059DB22 /* NSString+Trimming.m */; };
		9FD1D7421DB68A2E0059DB22 /* RunSketchPluginScript.js in Resources */ = {isa = PBXBuildFile; fileRef = 9FD1D7371DB68A2E0059DB22 /* RunSketchPluginScript.js */; };
		9FD1D7431DB68A2E0059DB22 /* SketchDocument.js in Resources */ = {isa = PBXBuildFile; fileRef = 9FD1D7381DB68A2E0059DB22 /* SketchDocument.js */; };
		9FD1D7441DB68A2E0059DB22 /* SketchLayerExport.js in Resources */ = {isa = PBXBuildFile; fileRef = 9FD1D7391DB68A2E0059DB22 /* SketchLayerExport.js */; };
		9FD1D7451DB68A2E0059DB22 /* SketchViews.js in Resources */ = {isa = PBXBuildFile; fileRef = 9FD1D73A1DB68A2E0059DB22 /* SketchViews.js */; };
/* End PBXBuildFile section */

/* Begin PBXFileReference section */
		9FD1D7191DB68A020059DB22 /* SketchImportExamples.app */ = {isa = PBXFileReference; explicitFileType = wrapper.application; includeInIndex = 0; path = SketchImportExamples.app; sourceTree = BUILT_PRODUCTS_DIR; };
		9FD1D71C1DB68A020059DB22 /* AppDelegate.swift */ = {isa = PBXFileReference; lastKnownFileType = sourcecode.swift; path = AppDelegate.swift; sourceTree = "<group>"; };
		9FD1D71E1DB68A020059DB22 /* Assets.xcassets */ = {isa = PBXFileReference; lastKnownFileType = folder.assetcatalog; path = Assets.xcassets; sourceTree = "<group>"; };
		9FD1D7211DB68A020059DB22 /* Base */ = {isa = PBXFileReference; lastKnownFileType = file.xib; name = Base; path = Base.lproj/MainMenu.xib; sourceTree = "<group>"; };
		9FD1D7231DB68A020059DB22 /* Info.plist */ = {isa = PBXFileReference; lastKnownFileType = text.plist.xml; path = Info.plist; sourceTree = "<group>"; };
		9FD1D72B1DB68A2E0059DB22 /* coscript */ = {isa = PBXFileReference; lastKnownFileType = "compiled.mach-o.executable"; path = coscript; sourceTree = "<group>"; };
		9FD1D72D1DB68A2E0059DB22 /* LPCocoaScript.h */ = {isa = PBXFileReference; fileEncoding = 4; lastKnownFileType = sourcecode.c.h; path = LPCocoaScript.h; sourceTree = "<group>"; };
		9FD1D72E1DB68A2E0059DB22 /* LPCocoaScript.m */ = {isa = PBXFileReference; fileEncoding = 4; lastKnownFileType = sourcecode.c.objc; path = LPCocoaScript.m; sourceTree = "<group>"; };
		9FD1D72F1DB68A2E0059DB22 /* LPSketch.h */ = {isa = PBXFileReference; fileEncoding = 4; lastKnownFileType = sourcecode.c.h; path = LPSketch.h; sourceTree = "<group>"; };
		9FD1D7301DB68A2E0059DB22 /* LPSketch.m */ = {isa = PBXFileReference; fileEncoding = 4; lastKnownFileType = sourcecode.c.objc; path = LPSketch.m; sourceTree = "<group>"; };
		9FD1D7311DB68A2E0059DB22 /* LPSketchImport.h */ = {isa = PBXFileReference; fileEncoding = 4; lastKnownFileType = sourcecode.c.h; path = LPSketchImport.h; sourceTree = "<group>"; };
		9FD1D7321DB68A2E0059DB22 /* LPSketchImport.m */ = {isa = PBXFileReference; fileEncoding = 4; lastKnownFileType = sourcecode.c.objc; path = LPSketchImport.m; sourceTree = "<group>"; };
		9FD1D7341DB68A2E0059DB22 /* NSString+Trimming.h */ = {isa = PBXFileReference; fileEncoding = 4; lastKnownFileType = sourcecode.c.h; path = "NSString+Trimming.h"; sourceTree = "<group>"; };
		9FD1D7351DB68A2E0059DB22 /* NSString+Trimming.m */ = {isa = PBXFileReference; fileEncoding = 4; lastKnownFileType = sourcecode.c.objc; path = "NSString+Trimming.m"; sourceTree = "<group>"; };
		9FD1D7371DB68A2E0059DB22 /* RunSketchPluginScript.js */ = {isa = PBXFileReference; fileEncoding = 4; lastKnownFileType = sourcecode.javascript; path = RunSketchPluginScript.js; sourceTree = "<group>"; };
		9FD1D7381DB68A2E0059DB22 /* SketchDocument.js */ = {isa = PBXFileReference; fileEncoding = 4; lastKnownFileType = sourcecode.javascript; path = SketchDocument.js; sourceTree = "<group>"; };
		9FD1D7391DB68A2E0059DB22 /* SketchLayerExport.js */ = {isa = PBXFileReference; fileEncoding = 4; lastKnownFileType = sourcecode.javascript; path = SketchLayerExport.js; sourceTree = "<group>"; };
		9FD1D73A1DB68A2E0059DB22 /* SketchViews.js */ = {isa = PBXFileReference; fileEncoding = 4; lastKnownFileType = sourcecode.javascript; path = SketchViews.js; sourceTree = "<group>"; };
		9FD1D73C1DB68A2E0059DB22 /* LPLogging.h */ = {isa = PBXFileReference; fileEncoding = 4; lastKnownFileType = sourcecode.c.h; path = LPLogging.h; sourceTree = "<group>"; };
		9FD1D7461DB68ABD0059DB22 /* SketchImportExamples-BridgingHeader.h */ = {isa = PBXFileReference; lastKnownFileType = sourcecode.c.h; path = "SketchImportExamples-BridgingHeader.h"; sourceTree = "<group>"; };
/* End PBXFileReference section */

/* Begin PBXFrameworksBuildPhase section */
		9FD1D7161DB68A020059DB22 /* Frameworks */ = {
			isa = PBXFrameworksBuildPhase;
			buildActionMask = 2147483647;
			files = (
			);
			runOnlyForDeploymentPostprocessing = 0;
		};
/* End PBXFrameworksBuildPhase section */

/* Begin PBXGroup section */
		9FD1D7101DB68A020059DB22 = {
			isa = PBXGroup;
			children = (
				9FD1D71B1DB68A020059DB22 /* SketchImportExamples */,
				9FD1D7291DB68A2E0059DB22 /* SketchImport */,
				9FD1D71A1DB68A020059DB22 /* Products */,
			);
			sourceTree = "<group>";
		};
		9FD1D71A1DB68A020059DB22 /* Products */ = {
			isa = PBXGroup;
			children = (
				9FD1D7191DB68A020059DB22 /* SketchImportExamples.app */,
			);
			name = Products;
			sourceTree = "<group>";
		};
		9FD1D71B1DB68A020059DB22 /* SketchImportExamples */ = {
			isa = PBXGroup;
			children = (
				9FD1D71C1DB68A020059DB22 /* AppDelegate.swift */,
				9FD1D7461DB68ABD0059DB22 /* SketchImportExamples-BridgingHeader.h */,
				9FD1D71E1DB68A020059DB22 /* Assets.xcassets */,
				9FD1D7201DB68A020059DB22 /* MainMenu.xib */,
				9FD1D7231DB68A020059DB22 /* Info.plist */,
			);
			path = SketchImportExamples;
			sourceTree = "<group>";
		};
		9FD1D7291DB68A2E0059DB22 /* SketchImport */ = {
			isa = PBXGroup;
			children = (
				9FD1D72A1DB68A2E0059DB22 /* bin */,
				9FD1D72C1DB68A2E0059DB22 /* C */,
				9FD1D7361DB68A2E0059DB22 /* CocoaScript */,
				9FD1D7331DB68A2E0059DB22 /* Categories */,
				9FD1D73B1DB68A2E0059DB22 /* Optl_Macros */,
			);
			name = SketchImport;
			path = ../../SketchImport;
			sourceTree = "<group>";
		};
		9FD1D72A1DB68A2E0059DB22 /* bin */ = {
			isa = PBXGroup;
			children = (
				9FD1D72B1DB68A2E0059DB22 /* coscript */,
			);
			path = bin;
			sourceTree = "<group>";
		};
		9FD1D72C1DB68A2E0059DB22 /* C */ = {
			isa = PBXGroup;
			children = (
				9FD1D7311DB68A2E0059DB22 /* LPSketchImport.h */,
				9FD1D7321DB68A2E0059DB22 /* LPSketchImport.m */,
				9FD1D72F1DB68A2E0059DB22 /* LPSketch.h */,
				9FD1D7301DB68A2E0059DB22 /* LPSketch.m */,
				9FD1D72D1DB68A2E0059DB22 /* LPCocoaScript.h */,
				9FD1D72E1DB68A2E0059DB22 /* LPCocoaScript.m */,
			);
			path = C;
			sourceTree = "<group>";
		};
		9FD1D7331DB68A2E0059DB22 /* Categories */ = {
			isa = PBXGroup;
			children = (
				9FD1D7341DB68A2E0059DB22 /* NSString+Trimming.h */,
				9FD1D7351DB68A2E0059DB22 /* NSString+Trimming.m */,
			);
			path = Categories;
			sourceTree = "<group>";
		};
		9FD1D7361DB68A2E0059DB22 /* CocoaScript */ = {
			isa = PBXGroup;
			children = (
				9FD1D7371DB68A2E0059DB22 /* RunSketchPluginScript.js */,
				9FD1D7381DB68A2E0059DB22 /* SketchDocument.js */,
				9FD1D7391DB68A2E0059DB22 /* SketchLayerExport.js */,
				9FD1D73A1DB68A2E0059DB22 /* SketchViews.js */,
			);
			path = CocoaScript;
			sourceTree = "<group>";
		};
		9FD1D73B1DB68A2E0059DB22 /* Optl_Macros */ = {
			isa = PBXGroup;
			children = (
				9FD1D73C1DB68A2E0059DB22 /* LPLogging.h */,
			);
			path = Optl_Macros;
			sourceTree = "<group>";
		};
/* End PBXGroup section */

/* Begin PBXNativeTarget section */
		9FD1D7181DB68A020059DB22 /* SketchImportExamples */ = {
			isa = PBXNativeTarget;
			buildConfigurationList = 9FD1D7261DB68A020059DB22 /* Build configuration list for PBXNativeTarget "SketchImportExamples" */;
			buildPhases = (
				9FD1D7151DB68A020059DB22 /* Sources */,
				9FD1D7161DB68A020059DB22 /* Frameworks */,
				9FD1D7171DB68A020059DB22 /* Resources */,
			);
			buildRules = (
			);
			dependencies = (
			);
			name = SketchImportExamples;
			productName = SketchImportExamples;
			productReference = 9FD1D7191DB68A020059DB22 /* SketchImportExamples.app */;
			productType = "com.apple.product-type.application";
		};
/* End PBXNativeTarget section */

/* Begin PBXProject section */
		9FD1D7111DB68A020059DB22 /* Project object */ = {
			isa = PBXProject;
			attributes = {
				LastSwiftUpdateCheck = 0730;
				LastUpgradeCheck = 0730;
				ORGANIZATIONNAME = "Lunarpad Corporation";
				TargetAttributes = {
					9FD1D7181DB68A020059DB22 = {
						CreatedOnToolsVersion = 7.3.1;
					};
				};
			};
			buildConfigurationList = 9FD1D7141DB68A020059DB22 /* Build configuration list for PBXProject "SketchImportExamples" */;
			compatibilityVersion = "Xcode 3.2";
			developmentRegion = English;
			hasScannedForEncodings = 0;
			knownRegions = (
				en,
				Base,
			);
			mainGroup = 9FD1D7101DB68A020059DB22;
			productRefGroup = 9FD1D71A1DB68A020059DB22 /* Products */;
			projectDirPath = "";
			projectRoot = "";
			targets = (
				9FD1D7181DB68A020059DB22 /* SketchImportExamples */,
			);
		};
/* End PBXProject section */

/* Begin PBXResourcesBuildPhase section */
		9FD1D7171DB68A020059DB22 /* Resources */ = {
			isa = PBXResourcesBuildPhase;
			buildActionMask = 2147483647;
			files = (
				9FD1D7441DB68A2E0059DB22 /* SketchLayerExport.js in Resources */,
				9FD1D7431DB68A2E0059DB22 /* SketchDocument.js in Resources */,
				9FD1D73D1DB68A2E0059DB22 /* coscript in Resources */,
				9FD1D71F1DB68A020059DB22 /* Assets.xcassets in Resources */,
				9FD1D7421DB68A2E0059DB22 /* RunSketchPluginScript.js in Resources */,
				9FD1D7221DB68A020059DB22 /* MainMenu.xib in Resources */,
				9FD1D7451DB68A2E0059DB22 /* SketchViews.js in Resources */,
			);
			runOnlyForDeploymentPostprocessing = 0;
		};
/* End PBXResourcesBuildPhase section */

/* Begin PBXSourcesBuildPhase section */
		9FD1D7151DB68A020059DB22 /* Sources */ = {
			isa = PBXSourcesBuildPhase;
			buildActionMask = 2147483647;
			files = (
				9FD1D7401DB68A2E0059DB22 /* LPSketchImport.m in Sources */,
				9FD1D73F1DB68A2E0059DB22 /* LPSketch.m in Sources */,
				9FD1D73E1DB68A2E0059DB22 /* LPCocoaScript.m in Sources */,
				9FD1D71D1DB68A020059DB22 /* AppDelegate.swift in Sources */,
				9FD1D7411DB68A2E0059DB22 /* NSString+Trimming.m in Sources */,
			);
			runOnlyForDeploymentPostprocessing = 0;
		};
/* End PBXSourcesBuildPhase section */

/* Begin PBXVariantGroup section */
		9FD1D7201DB68A020059DB22 /* MainMenu.xib */ = {
			isa = PBXVariantGroup;
			children = (
				9FD1D7211DB68A020059DB22 /* Base */,
			);
			name = MainMenu.xib;
			sourceTree = "<group>";
		};
/* End PBXVariantGroup section */

/* Begin XCBuildConfiguration section */
		9FD1D7241DB68A020059DB22 /* Debug */ = {
			isa = XCBuildConfiguration;
			buildSettings = {
				ALWAYS_SEARCH_USER_PATHS = NO;
				CLANG_ANALYZER_NONNULL = YES;
				CLANG_CXX_LANGUAGE_STANDARD = "gnu++0x";
				CLANG_CXX_LIBRARY = "libc++";
				CLANG_ENABLE_MODULES = YES;
				CLANG_ENABLE_OBJC_ARC = YES;
				CLANG_WARN_BOOL_CONVERSION = YES;
				CLANG_WARN_CONSTANT_CONVERSION = YES;
				CLANG_WARN_DIRECT_OBJC_ISA_USAGE = YES_ERROR;
				CLANG_WARN_EMPTY_BODY = YES;
				CLANG_WARN_ENUM_CONVERSION = YES;
				CLANG_WARN_INT_CONVERSION = YES;
				CLANG_WARN_OBJC_ROOT_CLASS = YES_ERROR;
				CLANG_WARN_UNREACHABLE_CODE = YES;
				CLANG_WARN__DUPLICATE_METHOD_MATCH = YES;
				CODE_SIGN_IDENTITY = "-";
				COPY_PHASE_STRIP = NO;
				DEBUG_INFORMATION_FORMAT = dwarf;
				ENABLE_STRICT_OBJC_MSGSEND = YES;
				ENABLE_TESTABILITY = YES;
				GCC_C_LANGUAGE_STANDARD = gnu99;
				GCC_DYNAMIC_NO_PIC = NO;
				GCC_NO_COMMON_BLOCKS = YES;
				GCC_OPTIMIZATION_LEVEL = 0;
				GCC_PREPROCESSOR_DEFINITIONS = (
					"DEBUG=1",
					"$(inherited)",
				);
				GCC_WARN_64_TO_32_BIT_CONVERSION = YES;
				GCC_WARN_ABOUT_RETURN_TYPE = YES_ERROR;
				GCC_WARN_UNDECLARED_SELECTOR = YES;
				GCC_WARN_UNINITIALIZED_AUTOS = YES_AGGRESSIVE;
				GCC_WARN_UNUSED_FUNCTION = YES;
				GCC_WARN_UNUSED_VARIABLE = YES;
				MACOSX_DEPLOYMENT_TARGET = 10.11;
				MTL_ENABLE_DEBUG_INFO = YES;
				ONLY_ACTIVE_ARCH = YES;
				SDKROOT = macosx;
				SWIFT_OPTIMIZATION_LEVEL = "-Onone";
			};
			name = Debug;
		};
		9FD1D7251DB68A020059DB22 /* Release */ = {
			isa = XCBuildConfiguration;
			buildSettings = {
				ALWAYS_SEARCH_USER_PATHS = NO;
				CLANG_ANALYZER_NONNULL = YES;
				CLANG_CXX_LANGUAGE_STANDARD = "gnu++0x";
				CLANG_CXX_LIBRARY = "libc++";
				CLANG_ENABLE_MODULES = YES;
				CLANG_ENABLE_OBJC_ARC = YES;
				CLANG_WARN_BOOL_CONVERSION = YES;
				CLANG_WARN_CONSTANT_CONVERSION = YES;
				CLANG_WARN_DIRECT_OBJC_ISA_USAGE = YES_ERROR;
				CLANG_WARN_EMPTY_BODY = YES;
				CLANG_WARN_ENUM_CONVERSION = YES;
				CLANG_WARN_INT_CONVERSION = YES;
				CLANG_WARN_OBJC_ROOT_CLASS = YES_ERROR;
				CLANG_WARN_UNREACHABLE_CODE = YES;
				CLANG_WARN__DUPLICATE_METHOD_MATCH = YES;
				CODE_SIGN_IDENTITY = "-";
				COPY_PHASE_STRIP = NO;
				DEBUG_INFORMATION_FORMAT = "dwarf-with-dsym";
				ENABLE_NS_ASSERTIONS = NO;
				ENABLE_STRICT_OBJC_MSGSEND = YES;
				GCC_C_LANGUAGE_STANDARD = gnu99;
				GCC_NO_COMMON_BLOCKS = YES;
				GCC_WARN_64_TO_32_BIT_CONVERSION = YES;
				GCC_WARN_ABOUT_RETURN_TYPE = YES_ERROR;
				GCC_WARN_UNDECLARED_SELECTOR = YES;
				GCC_WARN_UNINITIALIZED_AUTOS = YES_AGGRESSIVE;
				GCC_WARN_UNUSED_FUNCTION = YES;
				GCC_WARN_UNUSED_VARIABLE = YES;
				MACOSX_DEPLOYMENT_TARGET = 10.11;
				MTL_ENABLE_DEBUG_INFO = NO;
				SDKROOT = macosx;
			};
			name = Release;
		};
		9FD1D7271DB68A020059DB22 /* Debug */ = {
			isa = XCBuildConfiguration;
			buildSettings = {
				ASSETCATALOG_COMPILER_APPICON_NAME = AppIcon;
				COMBINE_HIDPI_IMAGES = YES;
				INFOPLIST_FILE = SketchImportExamples/Info.plist;
				LD_RUNPATH_SEARCH_PATHS = "$(inherited) @executable_path/../Frameworks";
				PRODUCT_BUNDLE_IDENTIFIER = com.lunarpad.SketchImportExamples;
				PRODUCT_NAME = "$(TARGET_NAME)";
				SWIFT_OBJC_BRIDGING_HEADER = "SketchImportExamples/SketchImportExamples-BridgingHeader.h";
			};
			name = Debug;
		};
		9FD1D7281DB68A020059DB22 /* Release */ = {
			isa = XCBuildConfiguration;
			buildSettings = {
				ASSETCATALOG_COMPILER_APPICON_NAME = AppIcon;
				COMBINE_HIDPI_IMAGES = YES;
				INFOPLIST_FILE = SketchImportExamples/Info.plist;
				LD_RUNPATH_SEARCH_PATHS = "$(inherited) @executable_path/../Frameworks";
				PRODUCT_BUNDLE_IDENTIFIER = com.lunarpad.SketchImportExamples;
				PRODUCT_NAME = "$(TARGET_NAME)";
				SWIFT_OBJC_BRIDGING_HEADER = "SketchImportExamples/SketchImportExamples-BridgingHeader.h";
			};
			name = Release;
		};
/* End XCBuildConfiguration section */

/* Begin XCConfigurationList section */
		9FD1D7141DB68A020059DB22 /* Build configuration list for PBXProject "SketchImportExamples" */ = {
			isa = XCConfigurationList;
			buildConfigurations = (
				9FD1D7241DB68A020059DB22 /* Debug */,
				9FD1D7251DB68A020059DB22 /* Release */,
			);
			defaultConfigurationIsVisible = 0;
			defaultConfigurationName = Release;
		};
		9FD1D7261DB68A020059DB22 /* Build configuration list for PBXNativeTarget "SketchImportExamples" */ = {
			isa = XCConfigurationList;
			buildConfigurations = (
				9FD1D7271DB68A020059DB22 /* Debug */,
				9FD1D7281DB68A020059DB22 /* Release */,
			);
			defaultConfigurationIsVisible = 0;
		};
/* End XCConfigurationList section */
	};
	rootObject = 9FD1D7111DB68A020059DB22 /* Project object */;
}
